<Solution>
  <Folder Name="/src/">
    <Project Path="src/Personix.ArchitectureTests/Personix.ArchitectureTests.csproj" Type="Classic C#" />
  </Folder>
  <Folder Name="/tests/">
    <Project Path="tests/Personix.ArchitectureTests.Tests/Personix.ArchitectureTests.Tests.csproj" Type="Classic C#" />
  </Folder>
</Solution>
